
Microsoft Visual Studio Solution File, Format Version 12.00
# Visual Studio Version 17
VisualStudioVersion = 17.4.33213.308
MinimumVisualStudioVersion = 10.0.40219.1
Project("{FAE04EC0-301F-11D3-BF4B-00C04F79EFBC}") = "BubbleSort", "BubbleSort\BubbleSort.csproj", "{757AC4C9-FEC8-4D1E-94E5-3C9A83195C93}"
EndProject
Global
	GlobalSection(SolutionConfigurationPlatforms) = preSolution
		Debug|Any CPU = Debug|Any CPU
		Release|Any CPU = Release|Any CPU
	EndGlobalSection
	GlobalSection(ProjectConfigurationPlatforms) = postSolution
		{757AC4C9-FEC8-4D1E-94E5-3C9A83195C93}.Debug|Any CPU.ActiveCfg = Debug|Any CPU
		{757AC4C9-FEC8-4D1E-94E5-3C9A83195C93}.Debug|Any CPU.Build.0 = Debug|Any CPU
		{757AC4C9-FEC8-4D1E-94E5-3C9A83195C93}.Release|Any CPU.ActiveCfg = Release|Any CPU
		{757AC4C9-FEC8-4D1E-94E5-3C9A83195C93}.Release|Any CPU.Build.0 = Release|Any CPU
	EndGlobalSection
	GlobalSection(SolutionProperties) = preSolution
		HideSolutionNode = FALSE
	EndGlobalSection
	GlobalSection(ExtensibilityGlobals) = postSolution
		SolutionGuid = {C971BDCA-E88A-4EA7-B144-7EFFD4F21989}
	EndGlobalSection
EndGlobal
