
Microsoft Visual Studio Solution File, Format Version 12.00
# Visual Studio Version 17
VisualStudioVersion = 17.4.33213.308
MinimumVisualStudioVersion = 10.0.40219.1
Project("{FAE04EC0-301F-11D3-BF4B-00C04F79EFBC}") = "classMatrix", "classMatrix\classMatrix.csproj", "{1B9FB8B0-4F3B-46E8-8E67-C963E902AC2F}"
EndProject
Global
	GlobalSection(SolutionConfigurationPlatforms) = preSolution
		Debug|Any CPU = Debug|Any CPU
		Release|Any CPU = Release|Any CPU
	EndGlobalSection
	GlobalSection(ProjectConfigurationPlatforms) = postSolution
		{1B9FB8B0-4F3B-46E8-8E67-C963E902AC2F}.Debug|Any CPU.ActiveCfg = Debug|Any CPU
		{1B9FB8B0-4F3B-46E8-8E67-C963E902AC2F}.Debug|Any CPU.Build.0 = Debug|Any CPU
		{1B9FB8B0-4F3B-46E8-8E67-C963E902AC2F}.Release|Any CPU.ActiveCfg = Release|Any CPU
		{1B9FB8B0-4F3B-46E8-8E67-C963E902AC2F}.Release|Any CPU.Build.0 = Release|Any CPU
	EndGlobalSection
	GlobalSection(SolutionProperties) = preSolution
		HideSolutionNode = FALSE
	EndGlobalSection
	GlobalSection(ExtensibilityGlobals) = postSolution
		SolutionGuid = {3E60518F-4A79-4B51-A815-25B44F1C5472}
	EndGlobalSection
EndGlobal
